
Microsoft Visual Studio Solution File, Format Version 12.00
# Visual Studio 2013
VisualStudioVersion = 12.0.31101.0
MinimumVisualStudioVersion = 10.0.40219.1
Project("{F184B08F-C81C-45F6-A57F-5ABD9991F28F}") = "StockPresentacion", "Stock\StockPresentacion.vbproj", "{6B20B001-7A00-4F18-8160-FF5133C43542}"
EndProject
Project("{F184B08F-C81C-45F6-A57F-5ABD9991F28F}") = "StockModelo", "StockModelo\StockModelo.vbproj", "{DF4DA45E-D72D-4B2E-827C-218EB6015857}"
EndProject
Project("{F184B08F-C81C-45F6-A57F-5ABD9991F28F}") = "StockControlador", "StockControlador\StockControlador.vbproj", "{5DD2E68F-9361-4084-98B3-B6528E6B9490}"
EndProject
Project("{F184B08F-C81C-45F6-A57F-5ABD9991F28F}") = "StockDatos", "StockDatos\StockDatos.vbproj", "{2F5D35B1-E567-4DE9-91C0-8DBB4D2B07DE}"
EndProject
Project("{F184B08F-C81C-45F6-A57F-5ABD9991F28F}") = "ElementosTransversales", "ElementosTransversales\ElementosTransversales.vbproj", "{E13A8481-B82E-4AD7-B4D9-E53EFE6C4785}"
EndProject
Project("{F184B08F-C81C-45F6-A57F-5ABD9991F28F}") = "StockControladorAccion", "StockControladorAccion\StockControladorAccion.vbproj", "{45A5894F-511A-4A0F-A639-58BC521031AB}"
EndProject
Project("{F184B08F-C81C-45F6-A57F-5ABD9991F28F}") = "StockControladorComando", "StockControladorComando\StockControladorComando.vbproj", "{ED7850DC-18F2-4753-A536-82761BE60BBE}"
EndProject
Global
	GlobalSection(SolutionConfigurationPlatforms) = preSolution
		Debug|Any CPU = Debug|Any CPU
		Release|Any CPU = Release|Any CPU
	EndGlobalSection
	GlobalSection(ProjectConfigurationPlatforms) = postSolution
		{6B20B001-7A00-4F18-8160-FF5133C43542}.Debug|Any CPU.ActiveCfg = Debug|Any CPU
		{6B20B001-7A00-4F18-8160-FF5133C43542}.Debug|Any CPU.Build.0 = Debug|Any CPU
		{6B20B001-7A00-4F18-8160-FF5133C43542}.Release|Any CPU.ActiveCfg = Release|Any CPU
		{6B20B001-7A00-4F18-8160-FF5133C43542}.Release|Any CPU.Build.0 = Release|Any CPU
		{DF4DA45E-D72D-4B2E-827C-218EB6015857}.Debug|Any CPU.ActiveCfg = Debug|Any CPU
		{DF4DA45E-D72D-4B2E-827C-218EB6015857}.Debug|Any CPU.Build.0 = Debug|Any CPU
		{DF4DA45E-D72D-4B2E-827C-218EB6015857}.Release|Any CPU.ActiveCfg = Release|Any CPU
		{DF4DA45E-D72D-4B2E-827C-218EB6015857}.Release|Any CPU.Build.0 = Release|Any CPU
		{5DD2E68F-9361-4084-98B3-B6528E6B9490}.Debug|Any CPU.ActiveCfg = Debug|Any CPU
		{5DD2E68F-9361-4084-98B3-B6528E6B9490}.Debug|Any CPU.Build.0 = Debug|Any CPU
		{5DD2E68F-9361-4084-98B3-B6528E6B9490}.Release|Any CPU.ActiveCfg = Release|Any CPU
		{5DD2E68F-9361-4084-98B3-B6528E6B9490}.Release|Any CPU.Build.0 = Release|Any CPU
		{2F5D35B1-E567-4DE9-91C0-8DBB4D2B07DE}.Debug|Any CPU.ActiveCfg = Debug|Any CPU
		{2F5D35B1-E567-4DE9-91C0-8DBB4D2B07DE}.Debug|Any CPU.Build.0 = Debug|Any CPU
		{2F5D35B1-E567-4DE9-91C0-8DBB4D2B07DE}.Release|Any CPU.ActiveCfg = Release|Any CPU
		{2F5D35B1-E567-4DE9-91C0-8DBB4D2B07DE}.Release|Any CPU.Build.0 = Release|Any CPU
		{E13A8481-B82E-4AD7-B4D9-E53EFE6C4785}.Debug|Any CPU.ActiveCfg = Debug|Any CPU
		{E13A8481-B82E-4AD7-B4D9-E53EFE6C4785}.Debug|Any CPU.Build.0 = Debug|Any CPU
		{E13A8481-B82E-4AD7-B4D9-E53EFE6C4785}.Release|Any CPU.ActiveCfg = Release|Any CPU
		{E13A8481-B82E-4AD7-B4D9-E53EFE6C4785}.Release|Any CPU.Build.0 = Release|Any CPU
		{45A5894F-511A-4A0F-A639-58BC521031AB}.Debug|Any CPU.ActiveCfg = Debug|Any CPU
		{45A5894F-511A-4A0F-A639-58BC521031AB}.Debug|Any CPU.Build.0 = Debug|Any CPU
		{45A5894F-511A-4A0F-A639-58BC521031AB}.Release|Any CPU.ActiveCfg = Release|Any CPU
		{45A5894F-511A-4A0F-A639-58BC521031AB}.Release|Any CPU.Build.0 = Release|Any CPU
		{ED7850DC-18F2-4753-A536-82761BE60BBE}.Debug|Any CPU.ActiveCfg = Debug|Any CPU
		{ED7850DC-18F2-4753-A536-82761BE60BBE}.Debug|Any CPU.Build.0 = Debug|Any CPU
		{ED7850DC-18F2-4753-A536-82761BE60BBE}.Release|Any CPU.ActiveCfg = Release|Any CPU
		{ED7850DC-18F2-4753-A536-82761BE60BBE}.Release|Any CPU.Build.0 = Release|Any CPU
	EndGlobalSection
	GlobalSection(SolutionProperties) = preSolution
		HideSolutionNode = FALSE
	EndGlobalSection
EndGlobal
